
Microsoft Visual Studio Solution File, Format Version 12.00
# Visual Studio Version 16
VisualStudioVersion = 16.0.29519.87
MinimumVisualStudioVersion = 10.0.40219.1
Project("{FAE04EC0-301F-11D3-BF4B-00C04F79EFBC}") = "ESFA.DC.LARS", "ESFA.DC.LARS\ESFA.DC.LARS.csproj", "{F637C1F6-DDD9-4616-9AB5-461C85494118}"
EndProject
Project("{FAE04EC0-301F-11D3-BF4B-00C04F79EFBC}") = "ESFA.DC.LARS.API", "ESFA.DC.LARS.API\ESFA.DC.LARS.API.csproj", "{E26BFF8E-7ECB-45A5-8EB4-61A1FA815AF3}"
EndProject
Global
	GlobalSection(SolutionConfigurationPlatforms) = preSolution
		Debug|Any CPU = Debug|Any CPU
		Release|Any CPU = Release|Any CPU
	EndGlobalSection
	GlobalSection(ProjectConfigurationPlatforms) = postSolution
		{F637C1F6-DDD9-4616-9AB5-461C85494118}.Debug|Any CPU.ActiveCfg = Debug|Any CPU
		{F637C1F6-DDD9-4616-9AB5-461C85494118}.Debug|Any CPU.Build.0 = Debug|Any CPU
		{F637C1F6-DDD9-4616-9AB5-461C85494118}.Release|Any CPU.ActiveCfg = Release|Any CPU
		{F637C1F6-DDD9-4616-9AB5-461C85494118}.Release|Any CPU.Build.0 = Release|Any CPU
		{E26BFF8E-7ECB-45A5-8EB4-61A1FA815AF3}.Debug|Any CPU.ActiveCfg = Debug|Any CPU
		{E26BFF8E-7ECB-45A5-8EB4-61A1FA815AF3}.Debug|Any CPU.Build.0 = Debug|Any CPU
		{E26BFF8E-7ECB-45A5-8EB4-61A1FA815AF3}.Release|Any CPU.ActiveCfg = Release|Any CPU
		{E26BFF8E-7ECB-45A5-8EB4-61A1FA815AF3}.Release|Any CPU.Build.0 = Release|Any CPU
	EndGlobalSection
	GlobalSection(SolutionProperties) = preSolution
		HideSolutionNode = FALSE
	EndGlobalSection
	GlobalSection(ExtensibilityGlobals) = postSolution
		SolutionGuid = {6F5070AF-F730-4268-946C-4FD2E7770F6D}
	EndGlobalSection
EndGlobal
