
Microsoft Visual Studio Solution File, Format Version 12.00
# Visual Studio Version 16
VisualStudioVersion = 16.0.29519.87
MinimumVisualStudioVersion = 10.0.40219.1
Project("{2150E333-8FDC-42A3-9474-1A3956D46DE8}") = "Tests", "Tests", "{64BC4AD1-B8CC-48CF-A9A4-E50496134712}"
EndProject
Project("{9A19103F-16F7-4668-BE54-9A1E7A4F7556}") = "ESFA.DC.LARS.Web.Tests", "ESFA.DC.LARS.Web.Tests\ESFA.DC.LARS.Web.Tests.csproj", "{CF41FC6C-72B6-413F-8DA5-DACA3D8AAB0E}"
EndProject
Project("{9A19103F-16F7-4668-BE54-9A1E7A4F7556}") = "ESFA.DC.LARS.API.Tests", "ESFA.DC.LARS.API.Tests\ESFA.DC.LARS.API.Tests.csproj", "{C0FBCFBC-CAA6-4761-86AB-0517464BD023}"
EndProject
Project("{9A19103F-16F7-4668-BE54-9A1E7A4F7556}") = "ESFA.DC.LARS.API", "ESFA.DC.LARS.API\ESFA.DC.LARS.API.csproj", "{4AE8578F-3C7E-48CF-9753-FEDB115D932C}"
EndProject
Project("{9A19103F-16F7-4668-BE54-9A1E7A4F7556}") = "ESFA.DC.LARS.Web", "ESFA.DC.LARS.Web\ESFA.DC.LARS.Web.csproj", "{C09C6970-1922-45AC-B039-3C073B981C2C}"
EndProject
Project("{2150E333-8FDC-42A3-9474-1A3956D46DE8}") = "Solution Items", "Solution Items", "{9C3662F2-E8D1-48C2-AFFB-4D64BA0F8092}"
	ProjectSection(SolutionItems) = preProject
		..\.gitignore = ..\.gitignore
		..\README.md = ..\README.md
	EndProjectSection
EndProject
Project("{FAE04EC0-301F-11D3-BF4B-00C04F79EFBC}") = "ESFA.DC.LARS.Web.Modules", "ESFA.DC.LARS.Web.Modules\ESFA.DC.LARS.Web.Modules.csproj", "{1F0FB56A-5EBD-458E-AE12-4776AB3E29F3}"
EndProject
Project("{FAE04EC0-301F-11D3-BF4B-00C04F79EFBC}") = "ESFA.DC.LARS.Web.Interfaces", "ESFA.DC.LARS.Web.Interfaces\ESFA.DC.LARS.Web.Interfaces.csproj", "{69A6D67E-564B-44FB-A619-6C93C44E1CCA}"
EndProject
Project("{FAE04EC0-301F-11D3-BF4B-00C04F79EFBC}") = "ESFA.DC.LARS.API.Modules", "ESFA.DC.LARS.API.Modules\ESFA.DC.LARS.API.Modules.csproj", "{0A83893F-EC02-4164-B04F-FA4687837E51}"
EndProject
Project("{FAE04EC0-301F-11D3-BF4B-00C04F79EFBC}") = "ESFA.DC.LARS.API.Interfaces", "ESFA.DC.LARS.API.Interfaces\ESFA.DC.LARS.API.Interfaces.csproj", "{B4891152-61FC-47FE-B186-D1420191BF50}"
EndProject
Project("{FAE04EC0-301F-11D3-BF4B-00C04F79EFBC}") = "ESFA.DC.LARS.Web.Services", "ESFA.DC.LARS.Web.Services\ESFA.DC.LARS.Web.Services.csproj", "{F85DA316-B6EF-480E-A400-DCA2B0AA7037}"
EndProject
Project("{FAE04EC0-301F-11D3-BF4B-00C04F79EFBC}") = "ESFA.DC.LARS.API.Services", "ESFA.DC.LARS.API.Services\ESFA.DC.LARS.API.Services.csproj", "{35065D36-2B72-4E29-8516-ECC94DC473EF}"
EndProject
Project("{FAE04EC0-301F-11D3-BF4B-00C04F79EFBC}") = "ESFA.DC.LARS.API.Modules.Tests", "ESFA.DC.LARS.API.Modules.Tests\ESFA.DC.LARS.API.Modules.Tests.csproj", "{A938F550-03DD-4032-BDF4-C889A953BEB5}"
EndProject
Project("{FAE04EC0-301F-11D3-BF4B-00C04F79EFBC}") = "ESFA.DC.LARS.Web.Modules.Tests", "ESFA.DC.LARS.Web.Modules.Tests\ESFA.DC.LARS.Web.Modules.Tests.csproj", "{9B7183D6-6112-474A-9F53-A50BC76BB3E8}"
EndProject
Project("{FAE04EC0-301F-11D3-BF4B-00C04F79EFBC}") = "ESFA.DC.LARS.Web.Services.Tests", "ESFA.DC.LARS.Web.Services.Tests\ESFA.DC.LARS.Web.Services.Tests.csproj", "{2C02D128-FCD1-4C86-A4B1-87E32E004A51}"
EndProject
Project("{FAE04EC0-301F-11D3-BF4B-00C04F79EFBC}") = "ESFA.DC.LARS.API.Services.Tests", "ESFA.DC.LARS.API.Services.Tests\ESFA.DC.LARS.API.Services.Tests.csproj", "{67B0D71A-77CC-49FC-9AC3-D9B359CB97C0}"
EndProject
Global
	GlobalSection(SolutionConfigurationPlatforms) = preSolution
		Debug|Any CPU = Debug|Any CPU
		Release|Any CPU = Release|Any CPU
	EndGlobalSection
	GlobalSection(ProjectConfigurationPlatforms) = postSolution
		{CF41FC6C-72B6-413F-8DA5-DACA3D8AAB0E}.Debug|Any CPU.ActiveCfg = Debug|Any CPU
		{CF41FC6C-72B6-413F-8DA5-DACA3D8AAB0E}.Debug|Any CPU.Build.0 = Debug|Any CPU
		{CF41FC6C-72B6-413F-8DA5-DACA3D8AAB0E}.Release|Any CPU.ActiveCfg = Release|Any CPU
		{CF41FC6C-72B6-413F-8DA5-DACA3D8AAB0E}.Release|Any CPU.Build.0 = Release|Any CPU
		{C0FBCFBC-CAA6-4761-86AB-0517464BD023}.Debug|Any CPU.ActiveCfg = Debug|Any CPU
		{C0FBCFBC-CAA6-4761-86AB-0517464BD023}.Debug|Any CPU.Build.0 = Debug|Any CPU
		{C0FBCFBC-CAA6-4761-86AB-0517464BD023}.Release|Any CPU.ActiveCfg = Release|Any CPU
		{C0FBCFBC-CAA6-4761-86AB-0517464BD023}.Release|Any CPU.Build.0 = Release|Any CPU
		{4AE8578F-3C7E-48CF-9753-FEDB115D932C}.Debug|Any CPU.ActiveCfg = Debug|Any CPU
		{4AE8578F-3C7E-48CF-9753-FEDB115D932C}.Debug|Any CPU.Build.0 = Debug|Any CPU
		{4AE8578F-3C7E-48CF-9753-FEDB115D932C}.Release|Any CPU.ActiveCfg = Release|Any CPU
		{4AE8578F-3C7E-48CF-9753-FEDB115D932C}.Release|Any CPU.Build.0 = Release|Any CPU
		{C09C6970-1922-45AC-B039-3C073B981C2C}.Debug|Any CPU.ActiveCfg = Debug|Any CPU
		{C09C6970-1922-45AC-B039-3C073B981C2C}.Debug|Any CPU.Build.0 = Debug|Any CPU
		{C09C6970-1922-45AC-B039-3C073B981C2C}.Release|Any CPU.ActiveCfg = Release|Any CPU
		{C09C6970-1922-45AC-B039-3C073B981C2C}.Release|Any CPU.Build.0 = Release|Any CPU
		{1F0FB56A-5EBD-458E-AE12-4776AB3E29F3}.Debug|Any CPU.ActiveCfg = Debug|Any CPU
		{1F0FB56A-5EBD-458E-AE12-4776AB3E29F3}.Debug|Any CPU.Build.0 = Debug|Any CPU
		{1F0FB56A-5EBD-458E-AE12-4776AB3E29F3}.Release|Any CPU.ActiveCfg = Release|Any CPU
		{1F0FB56A-5EBD-458E-AE12-4776AB3E29F3}.Release|Any CPU.Build.0 = Release|Any CPU
		{69A6D67E-564B-44FB-A619-6C93C44E1CCA}.Debug|Any CPU.ActiveCfg = Debug|Any CPU
		{69A6D67E-564B-44FB-A619-6C93C44E1CCA}.Debug|Any CPU.Build.0 = Debug|Any CPU
		{69A6D67E-564B-44FB-A619-6C93C44E1CCA}.Release|Any CPU.ActiveCfg = Release|Any CPU
		{69A6D67E-564B-44FB-A619-6C93C44E1CCA}.Release|Any CPU.Build.0 = Release|Any CPU
		{0A83893F-EC02-4164-B04F-FA4687837E51}.Debug|Any CPU.ActiveCfg = Debug|Any CPU
		{0A83893F-EC02-4164-B04F-FA4687837E51}.Debug|Any CPU.Build.0 = Debug|Any CPU
		{0A83893F-EC02-4164-B04F-FA4687837E51}.Release|Any CPU.ActiveCfg = Release|Any CPU
		{0A83893F-EC02-4164-B04F-FA4687837E51}.Release|Any CPU.Build.0 = Release|Any CPU
		{B4891152-61FC-47FE-B186-D1420191BF50}.Debug|Any CPU.ActiveCfg = Debug|Any CPU
		{B4891152-61FC-47FE-B186-D1420191BF50}.Debug|Any CPU.Build.0 = Debug|Any CPU
		{B4891152-61FC-47FE-B186-D1420191BF50}.Release|Any CPU.ActiveCfg = Release|Any CPU
		{B4891152-61FC-47FE-B186-D1420191BF50}.Release|Any CPU.Build.0 = Release|Any CPU
		{F85DA316-B6EF-480E-A400-DCA2B0AA7037}.Debug|Any CPU.ActiveCfg = Debug|Any CPU
		{F85DA316-B6EF-480E-A400-DCA2B0AA7037}.Debug|Any CPU.Build.0 = Debug|Any CPU
		{F85DA316-B6EF-480E-A400-DCA2B0AA7037}.Release|Any CPU.ActiveCfg = Release|Any CPU
		{F85DA316-B6EF-480E-A400-DCA2B0AA7037}.Release|Any CPU.Build.0 = Release|Any CPU
		{35065D36-2B72-4E29-8516-ECC94DC473EF}.Debug|Any CPU.ActiveCfg = Debug|Any CPU
		{35065D36-2B72-4E29-8516-ECC94DC473EF}.Debug|Any CPU.Build.0 = Debug|Any CPU
		{35065D36-2B72-4E29-8516-ECC94DC473EF}.Release|Any CPU.ActiveCfg = Release|Any CPU
		{35065D36-2B72-4E29-8516-ECC94DC473EF}.Release|Any CPU.Build.0 = Release|Any CPU
		{A938F550-03DD-4032-BDF4-C889A953BEB5}.Debug|Any CPU.ActiveCfg = Debug|Any CPU
		{A938F550-03DD-4032-BDF4-C889A953BEB5}.Debug|Any CPU.Build.0 = Debug|Any CPU
		{A938F550-03DD-4032-BDF4-C889A953BEB5}.Release|Any CPU.ActiveCfg = Release|Any CPU
		{A938F550-03DD-4032-BDF4-C889A953BEB5}.Release|Any CPU.Build.0 = Release|Any CPU
		{9B7183D6-6112-474A-9F53-A50BC76BB3E8}.Debug|Any CPU.ActiveCfg = Debug|Any CPU
		{9B7183D6-6112-474A-9F53-A50BC76BB3E8}.Debug|Any CPU.Build.0 = Debug|Any CPU
		{9B7183D6-6112-474A-9F53-A50BC76BB3E8}.Release|Any CPU.ActiveCfg = Release|Any CPU
		{9B7183D6-6112-474A-9F53-A50BC76BB3E8}.Release|Any CPU.Build.0 = Release|Any CPU
		{2C02D128-FCD1-4C86-A4B1-87E32E004A51}.Debug|Any CPU.ActiveCfg = Debug|Any CPU
		{2C02D128-FCD1-4C86-A4B1-87E32E004A51}.Debug|Any CPU.Build.0 = Debug|Any CPU
		{2C02D128-FCD1-4C86-A4B1-87E32E004A51}.Release|Any CPU.ActiveCfg = Release|Any CPU
		{2C02D128-FCD1-4C86-A4B1-87E32E004A51}.Release|Any CPU.Build.0 = Release|Any CPU
		{67B0D71A-77CC-49FC-9AC3-D9B359CB97C0}.Debug|Any CPU.ActiveCfg = Debug|Any CPU
		{67B0D71A-77CC-49FC-9AC3-D9B359CB97C0}.Debug|Any CPU.Build.0 = Debug|Any CPU
		{67B0D71A-77CC-49FC-9AC3-D9B359CB97C0}.Release|Any CPU.ActiveCfg = Release|Any CPU
		{67B0D71A-77CC-49FC-9AC3-D9B359CB97C0}.Release|Any CPU.Build.0 = Release|Any CPU
	EndGlobalSection
	GlobalSection(SolutionProperties) = preSolution
		HideSolutionNode = FALSE
	EndGlobalSection
	GlobalSection(NestedProjects) = preSolution
		{CF41FC6C-72B6-413F-8DA5-DACA3D8AAB0E} = {64BC4AD1-B8CC-48CF-A9A4-E50496134712}
		{C0FBCFBC-CAA6-4761-86AB-0517464BD023} = {64BC4AD1-B8CC-48CF-A9A4-E50496134712}
		{A938F550-03DD-4032-BDF4-C889A953BEB5} = {64BC4AD1-B8CC-48CF-A9A4-E50496134712}
		{9B7183D6-6112-474A-9F53-A50BC76BB3E8} = {64BC4AD1-B8CC-48CF-A9A4-E50496134712}
		{2C02D128-FCD1-4C86-A4B1-87E32E004A51} = {64BC4AD1-B8CC-48CF-A9A4-E50496134712}
		{67B0D71A-77CC-49FC-9AC3-D9B359CB97C0} = {64BC4AD1-B8CC-48CF-A9A4-E50496134712}
	EndGlobalSection
	GlobalSection(ExtensibilityGlobals) = postSolution
		SolutionGuid = {6F5070AF-F730-4268-946C-4FD2E7770F6D}
	EndGlobalSection
EndGlobal
